<?xml version="1.0" encoding="utf-8"?>
<Project ToolsVersion="4.0" xmlns="http://schemas.microsoft.com/developer/msbuild/2003">
  <ItemGroup>
    <ClCompile Include="src\ofApp.cpp">
      <Filter>src</Filter>
    </ClCompile>
    <ClCompile Include="src\main.cpp">
      <Filter>src</Filter>
    </ClCompile>
    <ClCompile Include="..\..\..\addons\ofxFlowTools\src\drawforces\ftDrawForce.cpp">
      <Filter>addons\ofxFlowTools\src\drawforces</Filter>
    </ClCompile>
    <ClCompile Include="..\..\..\addons\ofxFlowTools\src\drawforces\ftDrawMouseForces.cpp">
      <Filter>addons\ofxFlowTools\src\drawforces</Filter>
    </ClCompile>
    <ClCompile Include="..\..\..\addons\ofxFlowTools\src\fluid\ftFluidSimulation.cpp">
      <Filter>addons\ofxFlowTools\src\fluid</Filter>
    </ClCompile>
    <ClCompile Include="..\..\..\addons\ofxFlowTools\src\mask\ftVelocityMask.cpp">
      <Filter>addons\ofxFlowTools\src\mask</Filter>
    </ClCompile>
    <ClCompile Include="..\..\..\addons\ofxFlowTools\src\opticalflow\ftOpticalFlow.cpp">
      <Filter>addons\ofxFlowTools\src\opticalflow</Filter>
    </ClCompile>
    <ClCompile Include="..\..\..\addons\ofxFlowTools\src\particles\ftParticleFlow.cpp">
      <Filter>addons\ofxFlowTools\src\particles</Filter>
    </ClCompile>
    <ClCompile Include="..\..\..\addons\ofxFlowTools\src\splitvelocity\ftSvAverage.cpp">
      <Filter>addons\ofxFlowTools\src\splitvelocity</Filter>
    </ClCompile>
    <ClCompile Include="..\..\..\addons\ofxFlowTools\src\tools\ftAverageVelocity.cpp">
      <Filter>addons\ofxFlowTools\src\tools</Filter>
    </ClCompile>
    <ClCompile Include="..\..\..\addons\ofxUI\src\ofxUI2DGraph.cpp">
      <Filter>addons\ofxUI\src</Filter>
    </ClCompile>
    <ClCompile Include="..\..\..\addons\ofxUI\src\ofxUI2DPad.cpp">
      <Filter>addons\ofxUI\src</Filter>
    </ClCompile>
    <ClCompile Include="..\..\..\addons\ofxUI\src\ofxUIBaseDraws.cpp">
      <Filter>addons\ofxUI\src</Filter>
    </ClCompile>
    <ClCompile Include="..\..\..\addons\ofxUI\src\ofxUIBiLabelSlider.cpp">
      <Filter>addons\ofxUI\src</Filter>
    </ClCompile>
    <ClCompile Include="..\..\..\addons\ofxUI\src\ofxUIButton.cpp">
      <Filter>addons\ofxUI\src</Filter>
    </ClCompile>
    <ClCompile Include="..\..\..\addons\ofxUI\src\ofxUICanvas.cpp">
      <Filter>addons\ofxUI\src</Filter>
    </ClCompile>
    <ClCompile Include="..\..\..\addons\ofxUI\src\ofxUICircleSlider.cpp">
      <Filter>addons\ofxUI\src</Filter>
    </ClCompile>
    <ClCompile Include="..\..\..\addons\ofxUI\src\ofxUIDragableLabelButton.cpp">
      <Filter>addons\ofxUI\src</Filter>
    </ClCompile>
    <ClCompile Include="..\..\..\addons\ofxUI\src\ofxUIDropDownList.cpp">
      <Filter>addons\ofxUI\src</Filter>
    </ClCompile>
    <ClCompile Include="..\..\..\addons\ofxUI\src\ofxUIEventArgs.cpp">
      <Filter>addons\ofxUI\src</Filter>
    </ClCompile>
    <ClCompile Include="..\..\..\addons\ofxUI\src\ofxUIFPS.cpp">
      <Filter>addons\ofxUI\src</Filter>
    </ClCompile>
    <ClCompile Include="..\..\..\addons\ofxUI\src\ofxUIFPSSlider.cpp">
      <Filter>addons\ofxUI\src</Filter>
    </ClCompile>
    <ClCompile Include="..\..\..\addons\ofxUI\src\ofxUIImage.cpp">
      <Filter>addons\ofxUI\src</Filter>
    </ClCompile>
    <ClCompile Include="..\..\..\addons\ofxUI\src\ofxUIImageButton.cpp">
      <Filter>addons\ofxUI\src</Filter>
    </ClCompile>
    <ClCompile Include="..\..\..\addons\ofxUI\src\ofxUIImageSampler.cpp">
      <Filter>addons\ofxUI\src</Filter>
    </ClCompile>
    <ClCompile Include="..\..\..\addons\ofxUI\src\ofxUIImageSlider.cpp">
      <Filter>addons\ofxUI\src</Filter>
    </ClCompile>
    <ClCompile Include="..\..\..\addons\ofxUI\src\ofxUIImageToggle.cpp">
      <Filter>addons\ofxUI\src</Filter>
    </ClCompile>
    <ClCompile Include="..\..\..\addons\ofxUI\src\ofxUILabel.cpp">
      <Filter>addons\ofxUI\src</Filter>
    </ClCompile>
    <ClCompile Include="..\..\..\addons\ofxUI\src\ofxUILabelButton.cpp">
      <Filter>addons\ofxUI\src</Filter>
    </ClCompile>
    <ClCompile Include="..\..\..\addons\ofxUI\src\ofxUILabelToggle.cpp">
      <Filter>addons\ofxUI\src</Filter>
    </ClCompile>
    <ClCompile Include="..\..\..\addons\ofxUI\src\ofxUIMinimalSlider.cpp">
      <Filter>addons\ofxUI\src</Filter>
    </ClCompile>
    <ClCompile Include="..\..\..\addons\ofxUI\src\ofxUIMovingGraph.cpp">
      <Filter>addons\ofxUI\src</Filter>
    </ClCompile>
    <ClCompile Include="..\..\..\addons\ofxUI\src\ofxUIMultiImageButton.cpp">
      <Filter>addons\ofxUI\src</Filter>
    </ClCompile>
    <ClCompile Include="..\..\..\addons\ofxUI\src\ofxUIMultiImageToggle.cpp">
      <Filter>addons\ofxUI\src</Filter>
    </ClCompile>
    <ClCompile Include="..\..\..\addons\ofxUI\src\ofxUINumberDialer.cpp">
      <Filter>addons\ofxUI\src</Filter>
    </ClCompile>
    <ClCompile Include="..\..\..\addons\ofxUI\src\ofxUIRadio.cpp">
      <Filter>addons\ofxUI\src</Filter>
    </ClCompile>
    <ClCompile Include="..\..\..\addons\ofxUI\src\ofxUIRangeSlider.cpp">
      <Filter>addons\ofxUI\src</Filter>
    </ClCompile>
    <ClCompile Include="..\..\..\addons\ofxUI\src\ofxUIRectangle.cpp">
      <Filter>addons\ofxUI\src</Filter>
    </ClCompile>
    <ClCompile Include="..\..\..\addons\ofxUI\src\ofxUIRotarySlider.cpp">
      <Filter>addons\ofxUI\src</Filter>
    </ClCompile>
    <ClCompile Include="..\..\..\addons\ofxUI\src\ofxUIScrollableCanvas.cpp">
      <Filter>addons\ofxUI\src</Filter>
    </ClCompile>
    <ClCompile Include="..\..\..\addons\ofxUI\src\ofxUISlider.cpp">
      <Filter>addons\ofxUI\src</Filter>
    </ClCompile>
    <ClCompile Include="..\..\..\addons\ofxUI\src\ofxUISortableList.cpp">
      <Filter>addons\ofxUI\src</Filter>
    </ClCompile>
    <ClCompile Include="..\..\..\addons\ofxUI\src\ofxUISpacer.cpp">
      <Filter>addons\ofxUI\src</Filter>
    </ClCompile>
    <ClCompile Include="..\..\..\addons\ofxUI\src\ofxUISpectrum.cpp">
      <Filter>addons\ofxUI\src</Filter>
    </ClCompile>
    <ClCompile Include="..\..\..\addons\ofxUI\src\ofxUISuperCanvas.cpp">
      <Filter>addons\ofxUI\src</Filter>
    </ClCompile>
    <ClCompile Include="..\..\..\addons\ofxUI\src\ofxUITabBar.cpp">
      <Filter>addons\ofxUI\src</Filter>
    </ClCompile>
    <ClCompile Include="..\..\..\addons\ofxUI\src\ofxUITextArea.cpp">
      <Filter>addons\ofxUI\src</Filter>
    </ClCompile>
    <ClCompile Include="..\..\..\addons\ofxUI\src\ofxUITextInput.cpp">
      <Filter>addons\ofxUI\src</Filter>
    </ClCompile>
    <ClCompile Include="..\..\..\addons\ofxUI\src\ofxUIToggle.cpp">
      <Filter>addons\ofxUI\src</Filter>
    </ClCompile>
    <ClCompile Include="..\..\..\addons\ofxUI\src\ofxUIToggleMatrix.cpp">
      <Filter>addons\ofxUI\src</Filter>
    </ClCompile>
    <ClCompile Include="..\..\..\addons\ofxUI\src\ofxUIValuePlotter.cpp">
      <Filter>addons\ofxUI\src</Filter>
    </ClCompile>
    <ClCompile Include="..\..\..\addons\ofxUI\src\ofxUIWaveform.cpp">
      <Filter>addons\ofxUI\src</Filter>
    </ClCompile>
    <ClCompile Include="..\..\..\addons\ofxUI\src\ofxUIWidget.cpp">
      <Filter>addons\ofxUI\src</Filter>
    </ClCompile>
    <ClCompile Include="..\..\..\addons\ofxUI\src\ofxUIWidgetWithLabel.cpp">
      <Filter>addons\ofxUI\src</Filter>
    </ClCompile>
    <ClCompile Include="..\..\..\addons\ofxXmlSettings\src\ofxXmlSettings.cpp">
      <Filter>addons\ofxXmlSettings\src</Filter>
    </ClCompile>
    <ClCompile Include="..\..\..\addons\ofxXmlSettings\libs\tinyxml.cpp">
      <Filter>addons\ofxXmlSettings\libs</Filter>
    </ClCompile>
    <ClCompile Include="..\..\..\addons\ofxXmlSettings\libs\tinyxmlerror.cpp">
      <Filter>addons\ofxXmlSettings\libs</Filter>
    </ClCompile>
    <ClCompile Include="..\..\..\addons\ofxXmlSettings\libs\tinyxmlparser.cpp">
      <Filter>addons\ofxXmlSettings\libs</Filter>
    </ClCompile>
    <ClCompile Include="src\FlowManager.cpp">
      <Filter>src\FlowManager</Filter>
    </ClCompile>
  </ItemGroup>
  <ItemGroup>
    <Filter Include="src">
      <UniqueIdentifier>{d8376475-7454-4a24-b08a-aac121d3ad6f}</UniqueIdentifier>
    </Filter>
    <Filter Include="addons">
      <UniqueIdentifier>{71834F65-F3A9-211E-73B8-DC85}</UniqueIdentifier>
    </Filter>
    <Filter Include="addons\ofxFlowTools">
      <UniqueIdentifier>{E3FAE6F6-71F6-CBB7-2E80-023F}</UniqueIdentifier>
    </Filter>
    <Filter Include="addons\ofxFlowTools\src">
      <UniqueIdentifier>{916B8527-E558-6965-F3FB-AA1A}</UniqueIdentifier>
    </Filter>
    <Filter Include="addons\ofxFlowTools\src\drawforces">
      <UniqueIdentifier>{047DE384-A528-9AFA-14B9-8DA9}</UniqueIdentifier>
    </Filter>
    <Filter Include="addons\ofxFlowTools\src\filters">
      <UniqueIdentifier>{96DC2D39-D002-D6D4-6550-49C3}</UniqueIdentifier>
    </Filter>
    <Filter Include="addons\ofxFlowTools\src\fluid">
      <UniqueIdentifier>{4BBB4B0F-9306-2810-CA22-896E}</UniqueIdentifier>
    </Filter>
    <Filter Include="addons\ofxFlowTools\src\mask">
      <UniqueIdentifier>{A8447F72-E1E3-8D59-6B3E-943C}</UniqueIdentifier>
    </Filter>
    <Filter Include="addons\ofxFlowTools\src\opticalflow">
      <UniqueIdentifier>{8CA1FFBA-23CF-B510-0B5D-CCCC}</UniqueIdentifier>
    </Filter>
    <Filter Include="addons\ofxFlowTools\src\particles">
      <UniqueIdentifier>{F0DE08D0-55E6-4D80-D624-5051}</UniqueIdentifier>
    </Filter>
    <Filter Include="addons\ofxFlowTools\src\splitvelocity">
      <UniqueIdentifier>{8ABDF1BB-52DA-0F23-9BF1-D494}</UniqueIdentifier>
    </Filter>
    <Filter Include="addons\ofxFlowTools\src\tools">
      <UniqueIdentifier>{82A4B1C5-C550-7BF0-3C84-4E1B}</UniqueIdentifier>
    </Filter>
    <Filter Include="addons\ofxFlowTools\src\visualisation">
      <UniqueIdentifier>{85382400-3D16-D03D-D76C-D95A}</UniqueIdentifier>
    </Filter>
    <Filter Include="addons\ofxUI">
      <UniqueIdentifier>{B492C5B0-FF91-9C5A-638A-3142}</UniqueIdentifier>
    </Filter>
    <Filter Include="addons\ofxUI\src">
      <UniqueIdentifier>{A00C2D23-6C11-BC86-3993-2CF0}</UniqueIdentifier>
    </Filter>
    <Filter Include="addons\ofxXmlSettings">
      <UniqueIdentifier>{877F005D-13E6-0592-1D97-F2E3}</UniqueIdentifier>
    </Filter>
    <Filter Include="addons\ofxXmlSettings\src">
      <UniqueIdentifier>{CCB2AC63-49D2-977C-CFE8-AEAD}</UniqueIdentifier>
    </Filter>
    <Filter Include="addons\ofxXmlSettings\libs">
      <UniqueIdentifier>{687714A8-1662-FA1C-261F-50F0}</UniqueIdentifier>
    </Filter>
    <Filter Include="src\FlowManager">
      <UniqueIdentifier>{ffdaaf61-ea65-451e-ab3c-117e8ad72b72}</UniqueIdentifier>
    </Filter>
  </ItemGroup>
  <ItemGroup>
    <ClInclude Include="src\ofApp.h">
      <Filter>src</Filter>
    </ClInclude>
    <ClInclude Include="..\..\..\addons\ofxFlowTools\src\drawforces\ftDrawForce.h">
      <Filter>addons\ofxFlowTools\src\drawforces</Filter>
    </ClInclude>
    <ClInclude Include="..\..\..\addons\ofxFlowTools\src\drawforces\ftDrawForceShader.h">
      <Filter>addons\ofxFlowTools\src\drawforces</Filter>
    </ClInclude>
    <ClInclude Include="..\..\..\addons\ofxFlowTools\src\drawforces\ftDrawMouseForces.h">
      <Filter>addons\ofxFlowTools\src\drawforces</Filter>
    </ClInclude>
    <ClInclude Include="..\..\..\addons\ofxFlowTools\src\filters\ftContrastShader.h">
      <Filter>addons\ofxFlowTools\src\filters</Filter>
    </ClInclude>
    <ClInclude Include="..\..\..\addons\ofxFlowTools\src\filters\ftDecayShader.h">
      <Filter>addons\ofxFlowTools\src\filters</Filter>
    </ClInclude>
    <ClInclude Include="..\..\..\addons\ofxFlowTools\src\filters\ftEOGShader.h">
      <Filter>addons\ofxFlowTools\src\filters</Filter>
    </ClInclude>
    <ClInclude Include="..\..\..\addons\ofxFlowTools\src\filters\ftGaussianBlurShader.h">
      <Filter>addons\ofxFlowTools\src\filters</Filter>
    </ClInclude>
    <ClInclude Include="..\..\..\addons\ofxFlowTools\src\filters\ftHSLShader.h">
      <Filter>addons\ofxFlowTools\src\filters</Filter>
    </ClInclude>
    <ClInclude Include="..\..\..\addons\ofxFlowTools\src\filters\ftLuminanceShader.h">
      <Filter>addons\ofxFlowTools\src\filters</Filter>
    </ClInclude>
    <ClInclude Include="..\..\..\addons\ofxFlowTools\src\filters\ftTimeBlurShader.h">
      <Filter>addons\ofxFlowTools\src\filters</Filter>
    </ClInclude>
    <ClInclude Include="..\..\..\addons\ofxFlowTools\src\fluid\ftAdvectShader.h">
      <Filter>addons\ofxFlowTools\src\fluid</Filter>
    </ClInclude>
    <ClInclude Include="..\..\..\addons\ofxFlowTools\src\fluid\ftDiffuseShader.h">
      <Filter>addons\ofxFlowTools\src\fluid</Filter>
    </ClInclude>
    <ClInclude Include="..\..\..\addons\ofxFlowTools\src\fluid\ftDivergenceShader.h">
      <Filter>addons\ofxFlowTools\src\fluid</Filter>
    </ClInclude>
    <ClInclude Include="..\..\..\addons\ofxFlowTools\src\fluid\ftFluidSimulation.h">
      <Filter>addons\ofxFlowTools\src\fluid</Filter>
    </ClInclude>
    <ClInclude Include="..\..\..\addons\ofxFlowTools\src\fluid\ftJacobiShader.h">
      <Filter>addons\ofxFlowTools\src\fluid</Filter>
    </ClInclude>
    <ClInclude Include="..\..\..\addons\ofxFlowTools\src\fluid\ftSmokeBuoyancyShader.h">
      <Filter>addons\ofxFlowTools\src\fluid</Filter>
    </ClInclude>
    <ClInclude Include="..\..\..\addons\ofxFlowTools\src\fluid\ftSubstractGradientShader.h">
      <Filter>addons\ofxFlowTools\src\fluid</Filter>
    </ClInclude>
    <ClInclude Include="..\..\..\addons\ofxFlowTools\src\fluid\ftVorticityFirstPassShader.h">
      <Filter>addons\ofxFlowTools\src\fluid</Filter>
    </ClInclude>
    <ClInclude Include="..\..\..\addons\ofxFlowTools\src\fluid\ftVorticitySecondPassShader.h">
      <Filter>addons\ofxFlowTools\src\fluid</Filter>
    </ClInclude>
    <ClInclude Include="..\..\..\addons\ofxFlowTools\src\ftFbo.h">
      <Filter>addons\ofxFlowTools\src</Filter>
    </ClInclude>
    <ClInclude Include="..\..\..\addons\ofxFlowTools\src\ftShader.h">
      <Filter>addons\ofxFlowTools\src</Filter>
    </ClInclude>
    <ClInclude Include="..\..\..\addons\ofxFlowTools\src\ftSwapBuffer.h">
      <Filter>addons\ofxFlowTools\src</Filter>
    </ClInclude>
    <ClInclude Include="..\..\..\addons\ofxFlowTools\src\ftSwapFbo.h">
      <Filter>addons\ofxFlowTools\src</Filter>
    </ClInclude>
    <ClInclude Include="..\..\..\addons\ofxFlowTools\src\mask\ftVelocityMask.h">
      <Filter>addons\ofxFlowTools\src\mask</Filter>
    </ClInclude>
    <ClInclude Include="..\..\..\addons\ofxFlowTools\src\mask\ftVelocityMaskShader.h">
      <Filter>addons\ofxFlowTools\src\mask</Filter>
    </ClInclude>
    <ClInclude Include="..\..\..\addons\ofxFlowTools\src\ofxFlowTools.h">
      <Filter>addons\ofxFlowTools\src</Filter>
    </ClInclude>
    <ClInclude Include="..\..\..\addons\ofxFlowTools\src\opticalflow\ftOpticalFlow.h">
      <Filter>addons\ofxFlowTools\src\opticalflow</Filter>
    </ClInclude>
    <ClInclude Include="..\..\..\addons\ofxFlowTools\src\opticalflow\ftOpticalFlowShader.h">
      <Filter>addons\ofxFlowTools\src\opticalflow</Filter>
    </ClInclude>
    <ClInclude Include="..\..\..\addons\ofxFlowTools\src\particles\ftAgeLifespanMassSizeParticleShader.h">
      <Filter>addons\ofxFlowTools\src\particles</Filter>
    </ClInclude>
    <ClInclude Include="..\..\..\addons\ofxFlowTools\src\particles\ftDrawParticleShader.h">
      <Filter>addons\ofxFlowTools\src\particles</Filter>
    </ClInclude>
    <ClInclude Include="..\..\..\addons\ofxFlowTools\src\particles\ftInitPositionShader.h">
      <Filter>addons\ofxFlowTools\src\particles</Filter>
    </ClInclude>
    <ClInclude Include="..\..\..\addons\ofxFlowTools\src\particles\ftMoveParticleShader.h">
      <Filter>addons\ofxFlowTools\src\particles</Filter>
    </ClInclude>
    <ClInclude Include="..\..\..\addons\ofxFlowTools\src\particles\ftParticleFlow.h">
      <Filter>addons\ofxFlowTools\src\particles</Filter>
    </ClInclude>
    <ClInclude Include="..\..\..\addons\ofxFlowTools\src\splitvelocity\ftSvAverage.h">
      <Filter>addons\ofxFlowTools\src\splitvelocity</Filter>
    </ClInclude>
    <ClInclude Include="..\..\..\addons\ofxFlowTools\src\splitvelocity\ftSvDisplayScalar.h">
      <Filter>addons\ofxFlowTools\src\splitvelocity</Filter>
    </ClInclude>
    <ClInclude Include="..\..\..\addons\ofxFlowTools\src\splitvelocity\ftSvDisplayScalarShader.h">
      <Filter>addons\ofxFlowTools\src\splitvelocity</Filter>
    </ClInclude>
    <ClInclude Include="..\..\..\addons\ofxFlowTools\src\splitvelocity\ftSvField.h">
      <Filter>addons\ofxFlowTools\src\splitvelocity</Filter>
    </ClInclude>
    <ClInclude Include="..\..\..\addons\ofxFlowTools\src\splitvelocity\ftSvFieldShader.h">
      <Filter>addons\ofxFlowTools\src\splitvelocity</Filter>
    </ClInclude>
    <ClInclude Include="..\..\..\addons\ofxFlowTools\src\splitvelocity\ftSvFromVelocityShader.h">
      <Filter>addons\ofxFlowTools\src\splitvelocity</Filter>
    </ClInclude>
    <ClInclude Include="..\..\..\addons\ofxFlowTools\src\tools\ftAddForceShader.h">
      <Filter>addons\ofxFlowTools\src\tools</Filter>
    </ClInclude>
    <ClInclude Include="..\..\..\addons\ofxFlowTools\src\tools\ftAverageVelocity.h">
      <Filter>addons\ofxFlowTools\src\tools</Filter>
    </ClInclude>
    <ClInclude Include="..\..\..\addons\ofxFlowTools\src\tools\ftClampLengthShader.h">
      <Filter>addons\ofxFlowTools\src\tools</Filter>
    </ClInclude>
    <ClInclude Include="..\..\..\addons\ofxFlowTools\src\tools\ftDensityFloatMultiplier.h">
      <Filter>addons\ofxFlowTools\src\tools</Filter>
    </ClInclude>
    <ClInclude Include="..\..\..\addons\ofxFlowTools\src\tools\ftDensityVec2Multiplier.h">
      <Filter>addons\ofxFlowTools\src\tools</Filter>
    </ClInclude>
    <ClInclude Include="..\..\..\addons\ofxFlowTools\src\tools\ftEaseShader.h">
      <Filter>addons\ofxFlowTools\src\tools</Filter>
    </ClInclude>
    <ClInclude Include="..\..\..\addons\ofxFlowTools\src\tools\ftNormalizationShader.h">
      <Filter>addons\ofxFlowTools\src\tools</Filter>
    </ClInclude>
    <ClInclude Include="..\..\..\addons\ofxFlowTools\src\tools\ftRedToLuminanceShader.h">
      <Filter>addons\ofxFlowTools\src\tools</Filter>
    </ClInclude>
    <ClInclude Include="..\..\..\addons\ofxFlowTools\src\tools\ftToScalar.h">
      <Filter>addons\ofxFlowTools\src\tools</Filter>
    </ClInclude>
    <ClInclude Include="..\..\..\addons\ofxFlowTools\src\tools\ftToScalarShader.h">
      <Filter>addons\ofxFlowTools\src\tools</Filter>
    </ClInclude>
    <ClInclude Include="..\..\..\addons\ofxFlowTools\src\visualisation\ftDisplayScalar.h">
      <Filter>addons\ofxFlowTools\src\visualisation</Filter>
    </ClInclude>
    <ClInclude Include="..\..\..\addons\ofxFlowTools\src\visualisation\ftDisplayScalarShader.h">
      <Filter>addons\ofxFlowTools\src\visualisation</Filter>
    </ClInclude>
    <ClInclude Include="..\..\..\addons\ofxFlowTools\src\visualisation\ftPressureField.h">
      <Filter>addons\ofxFlowTools\src\visualisation</Filter>
    </ClInclude>
    <ClInclude Include="..\..\..\addons\ofxFlowTools\src\visualisation\ftPressureFieldShader.h">
      <Filter>addons\ofxFlowTools\src\visualisation</Filter>
    </ClInclude>
    <ClInclude Include="..\..\..\addons\ofxFlowTools\src\visualisation\ftTemperatureField.h">
      <Filter>addons\ofxFlowTools\src\visualisation</Filter>
    </ClInclude>
    <ClInclude Include="..\..\..\addons\ofxFlowTools\src\visualisation\ftTemperatureFieldShader.h">
      <Filter>addons\ofxFlowTools\src\visualisation</Filter>
    </ClInclude>
    <ClInclude Include="..\..\..\addons\ofxFlowTools\src\visualisation\ftVelocityField.h">
      <Filter>addons\ofxFlowTools\src\visualisation</Filter>
    </ClInclude>
    <ClInclude Include="..\..\..\addons\ofxFlowTools\src\visualisation\ftVelocityFieldShader.h">
      <Filter>addons\ofxFlowTools\src\visualisation</Filter>
    </ClInclude>
    <ClInclude Include="..\..\..\addons\ofxFlowTools\src\visualisation\ftVelocitySpheres.h">
      <Filter>addons\ofxFlowTools\src\visualisation</Filter>
    </ClInclude>
    <ClInclude Include="..\..\..\addons\ofxFlowTools\src\visualisation\ftVelocitySpheresShader.h">
      <Filter>addons\ofxFlowTools\src\visualisation</Filter>
    </ClInclude>
    <ClInclude Include="..\..\..\addons\ofxFlowTools\src\visualisation\ftVTField.h">
      <Filter>addons\ofxFlowTools\src\visualisation</Filter>
    </ClInclude>
    <ClInclude Include="..\..\..\addons\ofxFlowTools\src\visualisation\ftVTFieldShader.h">
      <Filter>addons\ofxFlowTools\src\visualisation</Filter>
    </ClInclude>
    <ClInclude Include="..\..\..\addons\ofxUI\src\ofxUI.h">
      <Filter>addons\ofxUI\src</Filter>
    </ClInclude>
    <ClInclude Include="..\..\..\addons\ofxUI\src\ofxUI2DGraph.h">
      <Filter>addons\ofxUI\src</Filter>
    </ClInclude>
    <ClInclude Include="..\..\..\addons\ofxUI\src\ofxUI2DPad.h">
      <Filter>addons\ofxUI\src</Filter>
    </ClInclude>
    <ClInclude Include="..\..\..\addons\ofxUI\src\ofxUIBaseDraws.h">
      <Filter>addons\ofxUI\src</Filter>
    </ClInclude>
    <ClInclude Include="..\..\..\addons\ofxUI\src\ofxUIBiLabelSlider.h">
      <Filter>addons\ofxUI\src</Filter>
    </ClInclude>
    <ClInclude Include="..\..\..\addons\ofxUI\src\ofxUIButton.h">
      <Filter>addons\ofxUI\src</Filter>
    </ClInclude>
    <ClInclude Include="..\..\..\addons\ofxUI\src\ofxUICanvas.h">
      <Filter>addons\ofxUI\src</Filter>
    </ClInclude>
    <ClInclude Include="..\..\..\addons\ofxUI\src\ofxUICircleSlider.h">
      <Filter>addons\ofxUI\src</Filter>
    </ClInclude>
    <ClInclude Include="..\..\..\addons\ofxUI\src\ofxUIDefines.h">
      <Filter>addons\ofxUI\src</Filter>
    </ClInclude>
    <ClInclude Include="..\..\..\addons\ofxUI\src\ofxUIDragableLabelButton.h">
      <Filter>addons\ofxUI\src</Filter>
    </ClInclude>
    <ClInclude Include="..\..\..\addons\ofxUI\src\ofxUIDropDownList.h">
      <Filter>addons\ofxUI\src</Filter>
    </ClInclude>
    <ClInclude Include="..\..\..\addons\ofxUI\src\ofxUIEventArgs.h">
      <Filter>addons\ofxUI\src</Filter>
    </ClInclude>
    <ClInclude Include="..\..\..\addons\ofxUI\src\ofxUIFPS.h">
      <Filter>addons\ofxUI\src</Filter>
    </ClInclude>
    <ClInclude Include="..\..\..\addons\ofxUI\src\ofxUIFPSSlider.h">
      <Filter>addons\ofxUI\src</Filter>
    </ClInclude>
    <ClInclude Include="..\..\..\addons\ofxUI\src\ofxUIImage.h">
      <Filter>addons\ofxUI\src</Filter>
    </ClInclude>
    <ClInclude Include="..\..\..\addons\ofxUI\src\ofxUIImageButton.h">
      <Filter>addons\ofxUI\src</Filter>
    </ClInclude>
    <ClInclude Include="..\..\..\addons\ofxUI\src\ofxUIImageSampler.h">
      <Filter>addons\ofxUI\src</Filter>
    </ClInclude>
    <ClInclude Include="..\..\..\addons\ofxUI\src\ofxUIImageSlider.h">
      <Filter>addons\ofxUI\src</Filter>
    </ClInclude>
    <ClInclude Include="..\..\..\addons\ofxUI\src\ofxUIImageToggle.h">
      <Filter>addons\ofxUI\src</Filter>
    </ClInclude>
    <ClInclude Include="..\..\..\addons\ofxUI\src\ofxUILabel.h">
      <Filter>addons\ofxUI\src</Filter>
    </ClInclude>
    <ClInclude Include="..\..\..\addons\ofxUI\src\ofxUILabelButton.h">
      <Filter>addons\ofxUI\src</Filter>
    </ClInclude>
    <ClInclude Include="..\..\..\addons\ofxUI\src\ofxUILabelToggle.h">
      <Filter>addons\ofxUI\src</Filter>
    </ClInclude>
    <ClInclude Include="..\..\..\addons\ofxUI\src\ofxUIMinimalSlider.h">
      <Filter>addons\ofxUI\src</Filter>
    </ClInclude>
    <ClInclude Include="..\..\..\addons\ofxUI\src\ofxUIMovingGraph.h">
      <Filter>addons\ofxUI\src</Filter>
    </ClInclude>
    <ClInclude Include="..\..\..\addons\ofxUI\src\ofxUIMultiImageButton.h">
      <Filter>addons\ofxUI\src</Filter>
    </ClInclude>
    <ClInclude Include="..\..\..\addons\ofxUI\src\ofxUIMultiImageToggle.h">
      <Filter>addons\ofxUI\src</Filter>
    </ClInclude>
    <ClInclude Include="..\..\..\addons\ofxUI\src\ofxUINumberDialer.h">
      <Filter>addons\ofxUI\src</Filter>
    </ClInclude>
    <ClInclude Include="..\..\..\addons\ofxUI\src\ofxUIOFWrapper.h">
      <Filter>addons\ofxUI\src</Filter>
    </ClInclude>
    <ClInclude Include="..\..\..\addons\ofxUI\src\ofxUIRadio.h">
      <Filter>addons\ofxUI\src</Filter>
    </ClInclude>
    <ClInclude Include="..\..\..\addons\ofxUI\src\ofxUIRangeSlider.h">
      <Filter>addons\ofxUI\src</Filter>
    </ClInclude>
    <ClInclude Include="..\..\..\addons\ofxUI\src\ofxUIRectangle.h">
      <Filter>addons\ofxUI\src</Filter>
    </ClInclude>
    <ClInclude Include="..\..\..\addons\ofxUI\src\ofxUIRotarySlider.h">
      <Filter>addons\ofxUI\src</Filter>
    </ClInclude>
    <ClInclude Include="..\..\..\addons\ofxUI\src\ofxUIScrollableCanvas.h">
      <Filter>addons\ofxUI\src</Filter>
    </ClInclude>
    <ClInclude Include="..\..\..\addons\ofxUI\src\ofxUISlider.h">
      <Filter>addons\ofxUI\src</Filter>
    </ClInclude>
    <ClInclude Include="..\..\..\addons\ofxUI\src\ofxUISortableList.h">
      <Filter>addons\ofxUI\src</Filter>
    </ClInclude>
    <ClInclude Include="..\..\..\addons\ofxUI\src\ofxUISpacer.h">
      <Filter>addons\ofxUI\src</Filter>
    </ClInclude>
    <ClInclude Include="..\..\..\addons\ofxUI\src\ofxUISpectrum.h">
      <Filter>addons\ofxUI\src</Filter>
    </ClInclude>
    <ClInclude Include="..\..\..\addons\ofxUI\src\ofxUISuperCanvas.h">
      <Filter>addons\ofxUI\src</Filter>
    </ClInclude>
    <ClInclude Include="..\..\..\addons\ofxUI\src\ofxUITabBar.h">
      <Filter>addons\ofxUI\src</Filter>
    </ClInclude>
    <ClInclude Include="..\..\..\addons\ofxUI\src\ofxUITextArea.h">
      <Filter>addons\ofxUI\src</Filter>
    </ClInclude>
    <ClInclude Include="..\..\..\addons\ofxUI\src\ofxUITextInput.h">
      <Filter>addons\ofxUI\src</Filter>
    </ClInclude>
    <ClInclude Include="..\..\..\addons\ofxUI\src\ofxUIToggle.h">
      <Filter>addons\ofxUI\src</Filter>
    </ClInclude>
    <ClInclude Include="..\..\..\addons\ofxUI\src\ofxUIToggleMatrix.h">
      <Filter>addons\ofxUI\src</Filter>
    </ClInclude>
    <ClInclude Include="..\..\..\addons\ofxUI\src\ofxUIUtils.h">
      <Filter>addons\ofxUI\src</Filter>
    </ClInclude>
    <ClInclude Include="..\..\..\addons\ofxUI\src\ofxUIValuePlotter.h">
      <Filter>addons\ofxUI\src</Filter>
    </ClInclude>
    <ClInclude Include="..\..\..\addons\ofxUI\src\ofxUIWaveform.h">
      <Filter>addons\ofxUI\src</Filter>
    </ClInclude>
    <ClInclude Include="..\..\..\addons\ofxUI\src\ofxUIWidget.h">
      <Filter>addons\ofxUI\src</Filter>
    </ClInclude>
    <ClInclude Include="..\..\..\addons\ofxUI\src\ofxUIWidgets.h">
      <Filter>addons\ofxUI\src</Filter>
    </ClInclude>
    <ClInclude Include="..\..\..\addons\ofxUI\src\ofxUIWidgetWithLabel.h">
      <Filter>addons\ofxUI\src</Filter>
    </ClInclude>
    <ClInclude Include="..\..\..\addons\ofxUI\src\ofxUIWrapper.h">
      <Filter>addons\ofxUI\src</Filter>
    </ClInclude>
    <ClInclude Include="..\..\..\addons\ofxXmlSettings\src\ofxXmlSettings.h">
      <Filter>addons\ofxXmlSettings\src</Filter>
    </ClInclude>
    <ClInclude Include="..\..\..\addons\ofxXmlSettings\libs\tinyxml.h">
      <Filter>addons\ofxXmlSettings\libs</Filter>
    </ClInclude>
    <ClInclude Include="src\FlowManager.h">
      <Filter>src\FlowManager</Filter>
    </ClInclude>
  </ItemGroup>
  <ItemGroup>
    <ResourceCompile Include="icon.rc" />
  </ItemGroup>
</Project>